# THIS IS AN AUTOGENERATED FILE. DO NOT EDIT THIS FILE DIRECTLY.
# yarn lockfile v1


"@ngxs/store@^3.6.0":
  version "3.6.0"
  resolved "https://registry.yarnpkg.com/@ngxs/store/-/store-3.6.0.tgz#4536f90445e0d5231eb418c84408d39a58a34e6f"
  integrity sha512-SE/2XK83snCDUj1c3iLRKp7YgCfBb9I+b+N82i1k5odn14oWvnalzB6oComu8zDwxzpD92Gt3CoZWr0V8Xct+A==
  dependencies:
    tslib "^1.9.0"

tslib@^1.9.0:
  version "1.10.0"
  resolved "https://registry.yarnpkg.com/tslib/-/tslib-1.10.0.tgz#c3c19f95973fb0a62973fb09d90d961ee43e5c8a"
  integrity sha512-qOebF53frne81cf0S9B41ByenJ3/IuH8yJKngAX35CmiZySA0khhkovshKK+jGCaMnVomla7gVlIcc3EvKPbTQ==
